<?xml version="1.0" encoding="utf-8"?>
<Project ToolsVersion="16.0" xmlns="http://schemas.microsoft.com/developer/msbuild/2003">
  <ItemGroup>
    <CustomBuild Include="C:\spiral\spiral-software\CMakeFiles\8d1ad7a29142a9f621c144ec29335e53\INSTALL_force.rule">
      <Filter>CMake Rules</Filter>
    </CustomBuild>
  </ItemGroup>
  <ItemGroup>
    <Filter Include="CMake Rules">
      <UniqueIdentifier>{92A03515-93B0-32CE-87A6-9736772ED5A9}</UniqueIdentifier>
    </Filter>
  </ItemGroup>
</Project>
